<?xml version="1.0" encoding="utf-8"?>
<Project ToolsVersion="4.0" xmlns="http://schemas.microsoft.com/developer/msbuild/2003">
  <ItemGroup>
    <ClInclude Include="backend.h" />
    <ClInclude Include="backend_pty.h" />
    <ClInclude Include="bufchain.h" />
    <ClInclude Include="callback.h" />
    <ClInclude Include="handle_io.h" />
    <ClInclude Include="handle_wait.h" />
    <ClInclude Include="misc.h" />
    <ClInclude Include="putty-rc.h" />
    <ClInclude Include="terminal.h" />
    <ClInclude Include="timing.h" />
    <ClInclude Include="unicode.h" />
    <ClInclude Include="vvterm.h" />
    <ClInclude Include="wcwidth.h" />
    <ClInclude Include="window.h" />
    <ClInclude Include="internal.h" />
  </ItemGroup>
  <ItemGroup>
    <ClCompile Include="backend_pty.cpp" />
    <ClCompile Include="bufchain.cpp" />
    <ClCompile Include="callback.cpp" />
    <ClCompile Include="handle_io.cpp" />
    <ClCompile Include="handle_wait.cpp" />
    <ClCompile Include="misc.cpp" />
    <ClCompile Include="terminal.cpp" />
    <ClCompile Include="timing.cpp" />
    <ClCompile Include="unicode.cpp" />
    <ClCompile Include="wcwidth.cpp" />
    <ClCompile Include="window.cpp" />
    <ClCompile Include="vvterm.cpp" />
    <ClCompile Include="ldisc.cpp" />
  </ItemGroup>
</Project>